{
  "name": "data_table",
  "lockfileVersion": 2,
  "requires": true,
  "packages": {
    "": {
      "dependencies": {
        "@glideapps/glide-data-grid": "^5.1.4",
        "lodash": "^4.17.21",
        "marked": "^4.2.2",
        "react": "^18.2.0",
        "react-dom": "^18.2.0",
        "react-icons": "^4.6.0",
        "react-responsive-carousel": "^3.2.23"
      }
    },
    "node_modules/@glideapps/glide-data-grid": {
      "version": "5.1.4",
      "resolved": "https://registry.npmjs.org/@glideapps/glide-data-grid/-/glide-data-grid-5.1.4.tgz",
      "integrity": "sha512-YQ2fpIg1DdYumJcbokGH6zYc4+cOIyoWcVwO3GMiu6Tg1D2BsvTVf76m6QGICobHefqWeP0PMaBOENuTIUp9pg==",
      "dependencies": {
        "canvas-hypertxt": "^0.0.7",
        "react-number-format": "^5.0.0"
      },
      "peerDependencies": {
        "lodash": "^4.17.19",
        "marked": "^4.0.10",
        "react": "^16.12.0 || 17.x || 18.x",
        "react-dom": "^16.12.0 || 17.x || 18.x",
        "react-responsive-carousel": "^3.2.7"
      }
    },
    "node_modules/canvas-hypertxt": {
      "version": "0.0.7",
      "resolved": "https://registry.npmjs.org/canvas-hypertxt/-/canvas-hypertxt-0.0.7.tgz",
      "integrity": "sha512-XPXJvvaEQddHl0KaDdnnEowcCiYiL2gJz4M8ANK1GvZPcZimgvjRubnChtUospZWFSiNJtE06VkLnQs2vve5tQ=="
    },
    "node_modules/classnames": {
      "version": "2.3.2",
      "resolved": "https://registry.npmjs.org/classnames/-/classnames-2.3.2.tgz",
      "integrity": "sha512-CSbhY4cFEJRe6/GQzIk5qXZ4Jeg5pcsP7b5peFSDpffpe1cqjASH/n9UTjBwOp6XpMSTwQ8Za2K5V02ueA7Tmw=="
    },
    "node_modules/js-tokens": {
      "version": "4.0.0",
      "resolved": "https://registry.npmjs.org/js-tokens/-/js-tokens-4.0.0.tgz",
      "integrity": "sha512-RdJUflcE3cUzKiMqQgsCu06FPu9UdIJO0beYbPhHN4k6apgJtifcoCtT9bcxOpYBtpD2kCM6Sbzg4CausW/PKQ=="
    },
    "node_modules/lodash": {
      "version": "4.17.21",
      "resolved": "https://registry.npmjs.org/lodash/-/lodash-4.17.21.tgz",
      "integrity": "sha512-v2kDEe57lecTulaDIuNTPy3Ry4gLGJ6Z1O3vE1krgXZNrsQ+LFTGHVxVjcXPs17LhbZVGedAJv8XZ1tvj5FvSg=="
    },
    "node_modules/loose-envify": {
      "version": "1.4.0",
      "resolved": "https://registry.npmjs.org/loose-envify/-/loose-envify-1.4.0.tgz",
      "integrity": "sha512-lyuxPGr/Wfhrlem2CL/UcnUc1zcqKAImBDzukY7Y5F/yQiNdko6+fRLevlw1HgMySw7f611UIY408EtxRSoK3Q==",
      "dependencies": {
        "js-tokens": "^3.0.0 || ^4.0.0"
      },
      "bin": {
        "loose-envify": "cli.js"
      }
    },
    "node_modules/marked": {
      "version": "4.2.2",
      "resolved": "https://registry.npmjs.org/marked/-/marked-4.2.2.tgz",
      "integrity": "sha512-JjBTFTAvuTgANXx82a5vzK9JLSMoV6V3LBVn4Uhdso6t7vXrGx7g1Cd2r6NYSsxrYbQGFCMqBDhFHyK5q2UvcQ==",
      "bin": {
        "marked": "bin/marked.js"
      },
      "engines": {
        "node": ">= 12"
      }
    },
    "node_modules/object-assign": {
      "version": "4.1.1",
      "resolved": "https://registry.npmjs.org/object-assign/-/object-assign-4.1.1.tgz",
      "integrity": "sha512-rJgTQnkUnH1sFw8yT6VSU3zD3sWmu6sZhIseY8VX+GRu3P6F7Fu+JNDoXfklElbLJSnc3FUQHVe4cU5hj+BcUg==",
      "engines": {
        "node": ">=0.10.0"
      }
    },
    "node_modules/prop-types": {
      "version": "15.8.1",
      "resolved": "https://registry.npmjs.org/prop-types/-/prop-types-15.8.1.tgz",
      "integrity": "sha512-oj87CgZICdulUohogVAR7AjlC0327U4el4L6eAvOqCeudMDVU0NThNaV+b9Df4dXgSP1gXMTnPdhfe/2qDH5cg==",
      "dependencies": {
        "loose-envify": "^1.4.0",
        "object-assign": "^4.1.1",
        "react-is": "^16.13.1"
      }
    },
    "node_modules/react": {
      "version": "18.2.0",
      "resolved": "https://registry.npmjs.org/react/-/react-18.2.0.tgz",
      "integrity": "sha512-/3IjMdb2L9QbBdWiW5e3P2/npwMBaU9mHCSCUzNln0ZCYbcfTsGbTJrU/kGemdH2IWmB2ioZ+zkxtmq6g09fGQ==",
      "dependencies": {
        "loose-envify": "^1.1.0"
      },
      "engines": {
        "node": ">=0.10.0"
      }
    },
    "node_modules/react-dom": {
      "version": "18.2.0",
      "resolved": "https://registry.npmjs.org/react-dom/-/react-dom-18.2.0.tgz",
      "integrity": "sha512-6IMTriUmvsjHUjNtEDudZfuDQUoWXVxKHhlEGSk81n4YFS+r/Kl99wXiwlVXtPBtJenozv2P+hxDsw9eA7Xo6g==",
      "dependencies": {
        "loose-envify": "^1.1.0",
        "scheduler": "^0.23.0"
      },
      "peerDependencies": {
        "react": "^18.2.0"
      }
    },
    "node_modules/react-easy-swipe": {
      "version": "0.0.21",
      "resolved": "https://registry.npmjs.org/react-easy-swipe/-/react-easy-swipe-0.0.21.tgz",
      "integrity": "sha512-OeR2jAxdoqUMHIn/nS9fgreI5hSpgGoL5ezdal4+oO7YSSgJR8ga+PkYGJrSrJ9MKlPcQjMQXnketrD7WNmNsg==",
      "dependencies": {
        "prop-types": "^15.5.8"
      },
      "engines": {
        "node": ">= 6"
      }
    },
    "node_modules/react-icons": {
      "version": "4.6.0",
      "resolved": "https://registry.npmjs.org/react-icons/-/react-icons-4.6.0.tgz",
      "integrity": "sha512-rR/L9m9340yO8yv1QT1QurxWQvWpbNHqVX0fzMln2HEb9TEIrQRGsqiNFQfiv9/JEUbyHmHPlNTB2LWm2Ttz0g==",
      "peerDependencies": {
        "react": "*"
      }
    },
    "node_modules/react-is": {
      "version": "16.13.1",
      "resolved": "https://registry.npmjs.org/react-is/-/react-is-16.13.1.tgz",
      "integrity": "sha512-24e6ynE2H+OKt4kqsOvNd8kBpV65zoxbA4BVsEOB3ARVWQki/DHzaUoC5KuON/BiccDaCCTZBuOcfZs70kR8bQ=="
    },
    "node_modules/react-number-format": {
      "version": "5.1.1",
      "resolved": "https://registry.npmjs.org/react-number-format/-/react-number-format-5.1.1.tgz",
      "integrity": "sha512-wLRUP9G0B79hZrTRgj380/ygtKRJWrCnTBIlQkoYAp/AMNQK7qGkUAWM5EpS1YRxz1w003UmZoon8WRutnlFuw==",
      "dependencies": {
        "prop-types": "^15.7.2"
      },
      "peerDependencies": {
        "react": "^0.14 || ^15.0.0 || ^16.0.0 || ^17.0.0 || ^18.0.0 || ^18.0.0",
        "react-dom": "^0.14 || ^15.0.0 || ^16.0.0 || ^17.0.0 || ^18.0.0 || ^18.0.0"
      }
    },
    "node_modules/react-responsive-carousel": {
      "version": "3.2.23",
      "resolved": "https://registry.npmjs.org/react-responsive-carousel/-/react-responsive-carousel-3.2.23.tgz",
      "integrity": "sha512-pqJLsBaKHWJhw/ItODgbVoziR2z4lpcJg+YwmRlSk4rKH32VE633mAtZZ9kDXjy4wFO+pgUZmDKPsPe1fPmHCg==",
      "dependencies": {
        "classnames": "^2.2.5",
        "prop-types": "^15.5.8",
        "react-easy-swipe": "^0.0.21"
      }
    },
    "node_modules/scheduler": {
      "version": "0.23.0",
      "resolved": "https://registry.npmjs.org/scheduler/-/scheduler-0.23.0.tgz",
      "integrity": "sha512-CtuThmgHNg7zIZWAXi3AsyIzA3n4xx7aNyjwC2VJldO2LMVDhFK+63xGqq6CsJH4rTAt6/M+N4GhZiDYPx9eUw==",
      "dependencies": {
        "loose-envify": "^1.1.0"
      }
    }
  },
  "dependencies": {
    "@glideapps/glide-data-grid": {
      "version": "5.1.4",
      "resolved": "https://registry.npmjs.org/@glideapps/glide-data-grid/-/glide-data-grid-5.1.4.tgz",
      "integrity": "sha512-YQ2fpIg1DdYumJcbokGH6zYc4+cOIyoWcVwO3GMiu6Tg1D2BsvTVf76m6QGICobHefqWeP0PMaBOENuTIUp9pg==",
      "requires": {
        "canvas-hypertxt": "^0.0.7",
        "react-number-format": "^5.0.0"
      }
    },
    "canvas-hypertxt": {
      "version": "0.0.7",
      "resolved": "https://registry.npmjs.org/canvas-hypertxt/-/canvas-hypertxt-0.0.7.tgz",
      "integrity": "sha512-XPXJvvaEQddHl0KaDdnnEowcCiYiL2gJz4M8ANK1GvZPcZimgvjRubnChtUospZWFSiNJtE06VkLnQs2vve5tQ=="
    },
    "classnames": {
      "version": "2.3.2",
      "resolved": "https://registry.npmjs.org/classnames/-/classnames-2.3.2.tgz",
      "integrity": "sha512-CSbhY4cFEJRe6/GQzIk5qXZ4Jeg5pcsP7b5peFSDpffpe1cqjASH/n9UTjBwOp6XpMSTwQ8Za2K5V02ueA7Tmw=="
    },
    "js-tokens": {
      "version": "4.0.0",
      "resolved": "https://registry.npmjs.org/js-tokens/-/js-tokens-4.0.0.tgz",
      "integrity": "sha512-RdJUflcE3cUzKiMqQgsCu06FPu9UdIJO0beYbPhHN4k6apgJtifcoCtT9bcxOpYBtpD2kCM6Sbzg4CausW/PKQ=="
    },
    "lodash": {
      "version": "4.17.21",
      "resolved": "https://registry.npmjs.org/lodash/-/lodash-4.17.21.tgz",
      "integrity": "sha512-v2kDEe57lecTulaDIuNTPy3Ry4gLGJ6Z1O3vE1krgXZNrsQ+LFTGHVxVjcXPs17LhbZVGedAJv8XZ1tvj5FvSg=="
    },
    "loose-envify": {
      "version": "1.4.0",
      "resolved": "https://registry.npmjs.org/loose-envify/-/loose-envify-1.4.0.tgz",
      "integrity": "sha512-lyuxPGr/Wfhrlem2CL/UcnUc1zcqKAImBDzukY7Y5F/yQiNdko6+fRLevlw1HgMySw7f611UIY408EtxRSoK3Q==",
      "requires": {
        "js-tokens": "^3.0.0 || ^4.0.0"
      }
    },
    "marked": {
      "version": "4.2.2",
      "resolved": "https://registry.npmjs.org/marked/-/marked-4.2.2.tgz",
      "integrity": "sha512-JjBTFTAvuTgANXx82a5vzK9JLSMoV6V3LBVn4Uhdso6t7vXrGx7g1Cd2r6NYSsxrYbQGFCMqBDhFHyK5q2UvcQ=="
    },
    "object-assign": {
      "version": "4.1.1",
      "resolved": "https://registry.npmjs.org/object-assign/-/object-assign-4.1.1.tgz",
      "integrity": "sha512-rJgTQnkUnH1sFw8yT6VSU3zD3sWmu6sZhIseY8VX+GRu3P6F7Fu+JNDoXfklElbLJSnc3FUQHVe4cU5hj+BcUg=="
    },
    "prop-types": {
      "version": "15.8.1",
      "resolved": "https://registry.npmjs.org/prop-types/-/prop-types-15.8.1.tgz",
      "integrity": "sha512-oj87CgZICdulUohogVAR7AjlC0327U4el4L6eAvOqCeudMDVU0NThNaV+b9Df4dXgSP1gXMTnPdhfe/2qDH5cg==",
      "requires": {
        "loose-envify": "^1.4.0",
        "object-assign": "^4.1.1",
        "react-is": "^16.13.1"
      }
    },
    "react": {
      "version": "18.2.0",
      "resolved": "https://registry.npmjs.org/react/-/react-18.2.0.tgz",
      "integrity": "sha512-/3IjMdb2L9QbBdWiW5e3P2/npwMBaU9mHCSCUzNln0ZCYbcfTsGbTJrU/kGemdH2IWmB2ioZ+zkxtmq6g09fGQ==",
      "requires": {
        "loose-envify": "^1.1.0"
      }
    },
    "react-dom": {
      "version": "18.2.0",
      "resolved": "https://registry.npmjs.org/react-dom/-/react-dom-18.2.0.tgz",
      "integrity": "sha512-6IMTriUmvsjHUjNtEDudZfuDQUoWXVxKHhlEGSk81n4YFS+r/Kl99wXiwlVXtPBtJenozv2P+hxDsw9eA7Xo6g==",
      "requires": {
        "loose-envify": "^1.1.0",
        "scheduler": "^0.23.0"
      }
    },
    "react-easy-swipe": {
      "version": "0.0.21",
      "resolved": "https://registry.npmjs.org/react-easy-swipe/-/react-easy-swipe-0.0.21.tgz",
      "integrity": "sha512-OeR2jAxdoqUMHIn/nS9fgreI5hSpgGoL5ezdal4+oO7YSSgJR8ga+PkYGJrSrJ9MKlPcQjMQXnketrD7WNmNsg==",
      "requires": {
        "prop-types": "^15.5.8"
      }
    },
    "react-icons": {
      "version": "4.6.0",
      "resolved": "https://registry.npmjs.org/react-icons/-/react-icons-4.6.0.tgz",
      "integrity": "sha512-rR/L9m9340yO8yv1QT1QurxWQvWpbNHqVX0fzMln2HEb9TEIrQRGsqiNFQfiv9/JEUbyHmHPlNTB2LWm2Ttz0g==",
      "requires": {}
    },
    "react-is": {
      "version": "16.13.1",
      "resolved": "https://registry.npmjs.org/react-is/-/react-is-16.13.1.tgz",
      "integrity": "sha512-24e6ynE2H+OKt4kqsOvNd8kBpV65zoxbA4BVsEOB3ARVWQki/DHzaUoC5KuON/BiccDaCCTZBuOcfZs70kR8bQ=="
    },
    "react-number-format": {
      "version": "5.1.1",
      "resolved": "https://registry.npmjs.org/react-number-format/-/react-number-format-5.1.1.tgz",
      "integrity": "sha512-wLRUP9G0B79hZrTRgj380/ygtKRJWrCnTBIlQkoYAp/AMNQK7qGkUAWM5EpS1YRxz1w003UmZoon8WRutnlFuw==",
      "requires": {
        "prop-types": "^15.7.2"
      }
    },
    "react-responsive-carousel": {
      "version": "3.2.23",
      "resolved": "https://registry.npmjs.org/react-responsive-carousel/-/react-responsive-carousel-3.2.23.tgz",
      "integrity": "sha512-pqJLsBaKHWJhw/ItODgbVoziR2z4lpcJg+YwmRlSk4rKH32VE633mAtZZ9kDXjy4wFO+pgUZmDKPsPe1fPmHCg==",
      "requires": {
        "classnames": "^2.2.5",
        "prop-types": "^15.5.8",
        "react-easy-swipe": "^0.0.21"
      }
    },
    "scheduler": {
      "version": "0.23.0",
      "resolved": "https://registry.npmjs.org/scheduler/-/scheduler-0.23.0.tgz",
      "integrity": "sha512-CtuThmgHNg7zIZWAXi3AsyIzA3n4xx7aNyjwC2VJldO2LMVDhFK+63xGqq6CsJH4rTAt6/M+N4GhZiDYPx9eUw==",
      "requires": {
        "loose-envify": "^1.1.0"
      }
    }
  }
}
